// !$*UTF8*$!
{
	archiveVersion = 1;
	classes = {
	};
	objectVersion = 51;
	objects = {

/* Begin PBXBuildFile section */
		091EEAD82314CB1700BF066F /* AppDelegate.swift in Sources */ = {isa = PBXBuildFile; fileRef = 091EEAD72314CB1700BF066F /* AppDelegate.swift */; };
		091EEADA2314CB1700BF066F /* ViewController.swift in Sources */ = {isa = PBXBuildFile; fileRef = 091EEAD92314CB1700BF066F /* ViewController.swift */; };
		091EEADD2314CB1700BF066F /* Main.storyboard in Resources */ = {isa = PBXBuildFile; fileRef = 091EEADB2314CB1700BF066F /* Main.storyboard */; };
		091EEADF2314CB1900BF066F /* Assets.xcassets in Resources */ = {isa = PBXBuildFile; fileRef = 091EEADE2314CB1900BF066F /* Assets.xcassets */; };
		091EEAE22314CB1900BF066F /* LaunchScreen.storyboard in Resources */ = {isa = PBXBuildFile; fileRef = 091EEAE02314CB1900BF066F /* LaunchScreen.storyboard */; };
		091EEB2A2314E1BB00BF066F /* GoogleService-Info.plist in Resources */ = {isa = PBXBuildFile; fileRef = 091EEB292314E1BB00BF066F /* GoogleService-Info.plist */; };
		C8246BE98E9BE30BFD807739 /* Pods_GoFoodTruck.framework in Frameworks */ = {isa = PBXBuildFile; fileRef = 4AA9B1B817FFA59C417ED6ED /* Pods_GoFoodTruck.framework */; };
/* End PBXBuildFile section */

/* Begin PBXFileReference section */
		091EEAD42314CB1700BF066F /* GoFoodTruck.app */ = {isa = PBXFileReference; explicitFileType = wrapper.application; includeInIndex = 0; path = GoFoodTruck.app; sourceTree = BUILT_PRODUCTS_DIR; };
		091EEAD72314CB1700BF066F /* AppDelegate.swift */ = {isa = PBXFileReference; lastKnownFileType = sourcecode.swift; path = AppDelegate.swift; sourceTree = "<group>"; };
		091EEAD92314CB1700BF066F /* ViewController.swift */ = {isa = PBXFileReference; lastKnownFileType = sourcecode.swift; path = ViewController.swift; sourceTree = "<group>"; };
		091EEADC2314CB1700BF066F /* Base */ = {isa = PBXFileReference; lastKnownFileType = file.storyboard; name = Base; path = Base.lproj/Main.storyboard; sourceTree = "<group>"; };
		091EEADE2314CB1900BF066F /* Assets.xcassets */ = {isa = PBXFileReference; lastKnownFileType = folder.assetcatalog; path = Assets.xcassets; sourceTree = "<group>"; };
		091EEAE12314CB1900BF066F /* Base */ = {isa = PBXFileReference; lastKnownFileType = file.storyboard; name = Base; path = Base.lproj/LaunchScreen.storyboard; sourceTree = "<group>"; };
		091EEAE32314CB1900BF066F /* Info.plist */ = {isa = PBXFileReference; lastKnownFileType = text.plist.xml; path = Info.plist; sourceTree = "<group>"; };
		091EEB292314E1BB00BF066F /* GoogleService-Info.plist */ = {isa = PBXFileReference; fileEncoding = 4; lastKnownFileType = text.plist.xml; path = "GoogleService-Info.plist"; sourceTree = "<group>"; };
		43CEFF92D2B1B909683AC4FB /* Pods-GoFoodTruck.release.xcconfig */ = {isa = PBXFileReference; includeInIndex = 1; lastKnownFileType = text.xcconfig; name = "Pods-GoFoodTruck.release.xcconfig"; path = "Target Support Files/Pods-GoFoodTruck/Pods-GoFoodTruck.release.xcconfig"; sourceTree = "<group>"; };
		4AA9B1B817FFA59C417ED6ED /* Pods_GoFoodTruck.framework */ = {isa = PBXFileReference; explicitFileType = wrapper.framework; includeInIndex = 0; path = Pods_GoFoodTruck.framework; sourceTree = BUILT_PRODUCTS_DIR; };
		D5F2C620D28F32BD792E19AC /* Pods-GoFoodTruck.debug.xcconfig */ = {isa = PBXFileReference; includeInIndex = 1; lastKnownFileType = text.xcconfig; name = "Pods-GoFoodTruck.debug.xcconfig"; path = "Target Support Files/Pods-GoFoodTruck/Pods-GoFoodTruck.debug.xcconfig"; sourceTree = "<group>"; };
/* End PBXFileReference section */

/* Begin PBXFrameworksBuildPhase section */
		091EEAD12314CB1700BF066F /* Frameworks */ = {
			isa = PBXFrameworksBuildPhase;
			buildActionMask = 2147483647;
			files = (
				C8246BE98E9BE30BFD807739 /* Pods_GoFoodTruck.framework in Frameworks */,
			);
			runOnlyForDeploymentPostprocessing = 0;
		};
/* End PBXFrameworksBuildPhase section */

/* Begin PBXGroup section */
		091EEACB2314CB1600BF066F = {
			isa = PBXGroup;
			children = (
				091EEAD62314CB1700BF066F /* GoFoodTruck */,
				091EEAD52314CB1700BF066F /* Products */,
				B2884BF3B2F54E528D7AA4C6 /* Pods */,
				B60E449FDC8A2CF000444F53 /* Frameworks */,
			);
			sourceTree = "<group>";
		};
		091EEAD52314CB1700BF066F /* Products */ = {
			isa = PBXGroup;
			children = (
				091EEAD42314CB1700BF066F /* GoFoodTruck.app */,
			);
			name = Products;
			sourceTree = "<group>";
		};
		091EEAD62314CB1700BF066F /* GoFoodTruck */ = {
			isa = PBXGroup;
			children = (
				091EEAD72314CB1700BF066F /* AppDelegate.swift */,
				091EEAD92314CB1700BF066F /* ViewController.swift */,
				091EEADB2314CB1700BF066F /* Main.storyboard */,
				091EEADE2314CB1900BF066F /* Assets.xcassets */,
				091EEAE02314CB1900BF066F /* LaunchScreen.storyboard */,
				091EEAE32314CB1900BF066F /* Info.plist */,
				091EEB292314E1BB00BF066F /* GoogleService-Info.plist */,
			);
			path = GoFoodTruck;
			sourceTree = "<group>";
		};
		B2884BF3B2F54E528D7AA4C6 /* Pods */ = {
			isa = PBXGroup;
			children = (
				D5F2C620D28F32BD792E19AC /* Pods-GoFoodTruck.debug.xcconfig */,
				43CEFF92D2B1B909683AC4FB /* Pods-GoFoodTruck.release.xcconfig */,
			);
			path = Pods;
			sourceTree = "<group>";
		};
		B60E449FDC8A2CF000444F53 /* Frameworks */ = {
			isa = PBXGroup;
			children = (
				4AA9B1B817FFA59C417ED6ED /* Pods_GoFoodTruck.framework */,
			);
			name = Frameworks;
			sourceTree = "<group>";
		};
/* End PBXGroup section */

/* Begin PBXNativeTarget section */
		091EEAD32314CB1700BF066F /* GoFoodTruck */ = {
			isa = PBXNativeTarget;
			buildConfigurationList = 091EEAE62314CB1900BF066F /* Build configuration list for PBXNativeTarget "GoFoodTruck" */;
			buildPhases = (
				B4F12E0ADE043D9AE4F27EAD /* [CP] Check Pods Manifest.lock */,
				091EEAD02314CB1700BF066F /* Sources */,
				091EEAD12314CB1700BF066F /* Frameworks */,
				091EEAD22314CB1700BF066F /* Resources */,
				5013CD595047A036AAD4C3E4 /* [CP] Embed Pods Frameworks */,
				091EEB2F2314E4BA00BF066F /* swiftLint */,
			);
			buildRules = (
			);
			dependencies = (
			);
			name = GoFoodTruck;
			productName = GoFoodTruck;
			productReference = 091EEAD42314CB1700BF066F /* GoFoodTruck.app */;
			productType = "com.apple.product-type.application";
		};
/* End PBXNativeTarget section */

/* Begin PBXProject section */
		091EEACC2314CB1600BF066F /* Project object */ = {
			isa = PBXProject;
			attributes = {
				LastSwiftUpdateCheck = 1030;
				LastUpgradeCheck = 1030;
				ORGANIZATIONNAME = yueh;
				TargetAttributes = {
					091EEAD32314CB1700BF066F = {
						CreatedOnToolsVersion = 10.3;
					};
				};
			};
			buildConfigurationList = 091EEACF2314CB1600BF066F /* Build configuration list for PBXProject "GoFoodTruck" */;
			compatibilityVersion = "Xcode 9.3";
			developmentRegion = en;
			hasScannedForEncodings = 0;
			knownRegions = (
				en,
				Base,
			);
			mainGroup = 091EEACB2314CB1600BF066F;
			productRefGroup = 091EEAD52314CB1700BF066F /* Products */;
			projectDirPath = "";
			projectRoot = "";
			targets = (
				091EEAD32314CB1700BF066F /* GoFoodTruck */,
			);
		};
/* End PBXProject section */

/* Begin PBXResourcesBuildPhase section */
		091EEAD22314CB1700BF066F /* Resources */ = {
			isa = PBXResourcesBuildPhase;
			buildActionMask = 2147483647;
			files = (
				091EEAE22314CB1900BF066F /* LaunchScreen.storyboard in Resources */,
				091EEB2A2314E1BB00BF066F /* GoogleService-Info.plist in Resources */,
				091EEADF2314CB1900BF066F /* Assets.xcassets in Resources */,
				091EEADD2314CB1700BF066F /* Main.storyboard in Resources */,
			);
			runOnlyForDeploymentPostprocessing = 0;
		};
/* End PBXResourcesBuildPhase section */

/* Begin PBXShellScriptBuildPhase section */
		091EEB2F2314E4BA00BF066F /* swiftLint */ = {
			isa = PBXShellScriptBuildPhase;
			buildActionMask = 2147483647;
			files = (
			);
			inputFileListPaths = (
			);
			inputPaths = (
			);
			name = swiftLint;
			outputFileListPaths = (
			);
			outputPaths = (
			);
			runOnlyForDeploymentPostprocessing = 0;
			shellPath = /bin/sh;
			shellScript = "\"${PODS_ROOT}/SwiftLint/swiftlint\"\n";
		};
		5013CD595047A036AAD4C3E4 /* [CP] Embed Pods Frameworks */ = {
			isa = PBXShellScriptBuildPhase;
			buildActionMask = 2147483647;
			files = (
			);
			inputFileListPaths = (
				"${PODS_ROOT}/Target Support Files/Pods-GoFoodTruck/Pods-GoFoodTruck-frameworks-${CONFIGURATION}-input-files.xcfilelist",
			);
			name = "[CP] Embed Pods Frameworks";
			outputFileListPaths = (
				"${PODS_ROOT}/Target Support Files/Pods-GoFoodTruck/Pods-GoFoodTruck-frameworks-${CONFIGURATION}-output-files.xcfilelist",
			);
			runOnlyForDeploymentPostprocessing = 0;
			shellPath = /bin/sh;
			shellScript = "\"${PODS_ROOT}/Target Support Files/Pods-GoFoodTruck/Pods-GoFoodTruck-frameworks.sh\"\n";
			showEnvVarsInLog = 0;
		};
		B4F12E0ADE043D9AE4F27EAD /* [CP] Check Pods Manifest.lock */ = {
			isa = PBXShellScriptBuildPhase;
			buildActionMask = 2147483647;
			files = (
			);
			inputFileListPaths = (
			);
			inputPaths = (
				"${PODS_PODFILE_DIR_PATH}/Podfile.lock",
				"${PODS_ROOT}/Manifest.lock",
			);
			name = "[CP] Check Pods Manifest.lock";
			outputFileListPaths = (
			);
			outputPaths = (
				"$(DERIVED_FILE_DIR)/Pods-GoFoodTruck-checkManifestLockResult.txt",
			);
			runOnlyForDeploymentPostprocessing = 0;
			shellPath = /bin/sh;
			shellScript = "diff \"${PODS_PODFILE_DIR_PATH}/Podfile.lock\" \"${PODS_ROOT}/Manifest.lock\" > /dev/null\nif [ $? != 0 ] ; then\n    # print error to STDERR\n    echo \"error: The sandbox is not in sync with the Podfile.lock. Run 'pod install' or update your CocoaPods installation.\" >&2\n    exit 1\nfi\n# This output is used by Xcode 'outputs' to avoid re-running this script phase.\necho \"SUCCESS\" > \"${SCRIPT_OUTPUT_FILE_0}\"\n";
			showEnvVarsInLog = 0;
		};
/* End PBXShellScriptBuildPhase section */

/* Begin PBXSourcesBuildPhase section */
		091EEAD02314CB1700BF066F /* Sources */ = {
			isa = PBXSourcesBuildPhase;
			buildActionMask = 2147483647;
			files = (
				091EEADA2314CB1700BF066F /* ViewController.swift in Sources */,
				091EEAD82314CB1700BF066F /* AppDelegate.swift in Sources */,
			);
			runOnlyForDeploymentPostprocessing = 0;
		};
/* End PBXSourcesBuildPhase section */

/* Begin PBXVariantGroup section */
		091EEADB2314CB1700BF066F /* Main.storyboard */ = {
			isa = PBXVariantGroup;
			children = (
				091EEADC2314CB1700BF066F /* Base */,
			);
			name = Main.storyboard;
			sourceTree = "<group>";
		};
		091EEAE02314CB1900BF066F /* LaunchScreen.storyboard */ = {
			isa = PBXVariantGroup;
			children = (
				091EEAE12314CB1900BF066F /* Base */,
			);
			name = LaunchScreen.storyboard;
			sourceTree = "<group>";
		};
/* End PBXVariantGroup section */

/* Begin XCBuildConfiguration section */
		091EEAE42314CB1900BF066F /* Debug */ = {
			isa = XCBuildConfiguration;
			buildSettings = {
				ALWAYS_SEARCH_USER_PATHS = NO;
				CLANG_ANALYZER_NONNULL = YES;
				CLANG_ANALYZER_NUMBER_OBJECT_CONVERSION = YES_AGGRESSIVE;
				CLANG_CXX_LANGUAGE_STANDARD = "gnu++14";
				CLANG_CXX_LIBRARY = "libc++";
				CLANG_ENABLE_MODULES = YES;
				CLANG_ENABLE_OBJC_ARC = YES;
				CLANG_ENABLE_OBJC_WEAK = YES;
				CLANG_WARN_BLOCK_CAPTURE_AUTORELEASING = YES;
				CLANG_WARN_BOOL_CONVERSION = YES;
				CLANG_WARN_COMMA = YES;
				CLANG_WARN_CONSTANT_CONVERSION = YES;
				CLANG_WARN_DEPRECATED_OBJC_IMPLEMENTATIONS = YES;
				CLANG_WARN_DIRECT_OBJC_ISA_USAGE = YES_ERROR;
				CLANG_WARN_DOCUMENTATION_COMMENTS = YES;
				CLANG_WARN_EMPTY_BODY = YES;
				CLANG_WARN_ENUM_CONVERSION = YES;
				CLANG_WARN_INFINITE_RECURSION = YES;
				CLANG_WARN_INT_CONVERSION = YES;
				CLANG_WARN_NON_LITERAL_NULL_CONVERSION = YES;
				CLANG_WARN_OBJC_IMPLICIT_RETAIN_SELF = YES;
				CLANG_WARN_OBJC_LITERAL_CONVERSION = YES;
				CLANG_WARN_OBJC_ROOT_CLASS = YES_ERROR;
				CLANG_WARN_RANGE_LOOP_ANALYSIS = YES;
				CLANG_WARN_STRICT_PROTOTYPES = YES;
				CLANG_WARN_SUSPICIOUS_MOVE = YES;
				CLANG_WARN_UNGUARDED_AVAILABILITY = YES_AGGRESSIVE;
				CLANG_WARN_UNREACHABLE_CODE = YES;
				CLANG_WARN__DUPLICATE_METHOD_MATCH = YES;
				CODE_SIGN_IDENTITY = "iPhone Developer";
				COPY_PHASE_STRIP = NO;
				DEBUG_INFORMATION_FORMAT = dwarf;
				ENABLE_STRICT_OBJC_MSGSEND = YES;
				ENABLE_TESTABILITY = YES;
				GCC_C_LANGUAGE_STANDARD = gnu11;
				GCC_DYNAMIC_NO_PIC = NO;
				GCC_NO_COMMON_BLOCKS = YES;
				GCC_OPTIMIZATION_LEVEL = 0;
				GCC_PREPROCESSOR_DEFINITIONS = (
					"DEBUG=1",
					"$(inherited)",
				);
				GCC_WARN_64_TO_32_BIT_CONVERSION = YES;
				GCC_WARN_ABOUT_RETURN_TYPE = YES_ERROR;
				GCC_WARN_UNDECLARED_SELECTOR = YES;
				GCC_WARN_UNINITIALIZED_AUTOS = YES_AGGRESSIVE;
				GCC_WARN_UNUSED_FUNCTION = YES;
				GCC_WARN_UNUSED_VARIABLE = YES;
				IPHONEOS_DEPLOYMENT_TARGET = 12.4;
				MTL_ENABLE_DEBUG_INFO = INCLUDE_SOURCE;
				MTL_FAST_MATH = YES;
				ONLY_ACTIVE_ARCH = YES;
				SDKROOT = iphoneos;
				SWIFT_ACTIVE_COMPILATION_CONDITIONS = DEBUG;
				SWIFT_OPTIMIZATION_LEVEL = "-Onone";
			};
			name = Debug;
		};
		091EEAE52314CB1900BF066F /* Release */ = {
			isa = XCBuildConfiguration;
			buildSettings = {
				ALWAYS_SEARCH_USER_PATHS = NO;
				CLANG_ANALYZER_NONNULL = YES;
				CLANG_ANALYZER_NUMBER_OBJECT_CONVERSION = YES_AGGRESSIVE;
				CLANG_CXX_LANGUAGE_STANDARD = "gnu++14";
				CLANG_CXX_LIBRARY = "libc++";
				CLANG_ENABLE_MODULES = YES;
				CLANG_ENABLE_OBJC_ARC = YES;
				CLANG_ENABLE_OBJC_WEAK = YES;
				CLANG_WARN_BLOCK_CAPTURE_AUTORELEASING = YES;
				CLANG_WARN_BOOL_CONVERSION = YES;
				CLANG_WARN_COMMA = YES;
				CLANG_WARN_CONSTANT_CONVERSION = YES;
				CLANG_WARN_DEPRECATED_OBJC_IMPLEMENTATIONS = YES;
				CLANG_WARN_DIRECT_OBJC_ISA_USAGE = YES_ERROR;
				CLANG_WARN_DOCUMENTATION_COMMENTS = YES;
				CLANG_WARN_EMPTY_BODY = YES;
				CLANG_WARN_ENUM_CONVERSION = YES;
				CLANG_WARN_INFINITE_RECURSION = YES;
				CLANG_WARN_INT_CONVERSION = YES;
				CLANG_WARN_NON_LITERAL_NULL_CONVERSION = YES;
				CLANG_WARN_OBJC_IMPLICIT_RETAIN_SELF = YES;
				CLANG_WARN_OBJC_LITERAL_CONVERSION = YES;
				CLANG_WARN_OBJC_ROOT_CLASS = YES_ERROR;
				CLANG_WARN_RANGE_LOOP_ANALYSIS = YES;
				CLANG_WARN_STRICT_PROTOTYPES = YES;
				CLANG_WARN_SUSPICIOUS_MOVE = YES;
				CLANG_WARN_UNGUARDED_AVAILABILITY = YES_AGGRESSIVE;
				CLANG_WARN_UNREACHABLE_CODE = YES;
				CLANG_WARN__DUPLICATE_METHOD_MATCH = YES;
				CODE_SIGN_IDENTITY = "iPhone Developer";
				COPY_PHASE_STRIP = NO;
				DEBUG_INFORMATION_FORMAT = "dwarf-with-dsym";
				ENABLE_NS_ASSERTIONS = NO;
				ENABLE_STRICT_OBJC_MSGSEND = YES;
				GCC_C_LANGUAGE_STANDARD = gnu11;
				GCC_NO_COMMON_BLOCKS = YES;
				GCC_WARN_64_TO_32_BIT_CONVERSION = YES;
				GCC_WARN_ABOUT_RETURN_TYPE = YES_ERROR;
				GCC_WARN_UNDECLARED_SELECTOR = YES;
				GCC_WARN_UNINITIALIZED_AUTOS = YES_AGGRESSIVE;
				GCC_WARN_UNUSED_FUNCTION = YES;
				GCC_WARN_UNUSED_VARIABLE = YES;
				IPHONEOS_DEPLOYMENT_TARGET = 12.4;
				MTL_ENABLE_DEBUG_INFO = NO;
				MTL_FAST_MATH = YES;
				SDKROOT = iphoneos;
				SWIFT_COMPILATION_MODE = wholemodule;
				SWIFT_OPTIMIZATION_LEVEL = "-O";
				VALIDATE_PRODUCT = YES;
			};
			name = Release;
		};
		091EEAE72314CB1900BF066F /* Debug */ = {
			isa = XCBuildConfiguration;
			baseConfigurationReference = D5F2C620D28F32BD792E19AC /* Pods-GoFoodTruck.debug.xcconfig */;
			buildSettings = {
				ASSETCATALOG_COMPILER_APPICON_NAME = AppIcon;
				CODE_SIGN_STYLE = Automatic;
				DEVELOPMENT_TEAM = KQ5YU2R5VY;
				INFOPLIST_FILE = GoFoodTruck/Info.plist;
				LD_RUNPATH_SEARCH_PATHS = (
					"$(inherited)",
					"@executable_path/Frameworks",
				);
				PRODUCT_BUNDLE_IDENTIFIER = com.yueh.GoFoodTruck;
				PRODUCT_NAME = "$(TARGET_NAME)";
				SWIFT_VERSION = 5.0;
				TARGETED_DEVICE_FAMILY = "1,2";
			};
			name = Debug;
		};
		091EEAE82314CB1900BF066F /* Release */ = {
			isa = XCBuildConfiguration;
			baseConfigurationReference = 43CEFF92D2B1B909683AC4FB /* Pods-GoFoodTruck.release.xcconfig */;
			buildSettings = {
				ASSETCATALOG_COMPILER_APPICON_NAME = AppIcon;
				CODE_SIGN_STYLE = Automatic;
				DEVELOPMENT_TEAM = KQ5YU2R5VY;
				INFOPLIST_FILE = GoFoodTruck/Info.plist;
				LD_RUNPATH_SEARCH_PATHS = (
					"$(inherited)",
					"@executable_path/Frameworks",
				);
				PRODUCT_BUNDLE_IDENTIFIER = com.yueh.GoFoodTruck;
				PRODUCT_NAME = "$(TARGET_NAME)";
				SWIFT_VERSION = 5.0;
				TARGETED_DEVICE_FAMILY = "1,2";
			};
			name = Release;
		};
/* End XCBuildConfiguration section */

/* Begin XCConfigurationList section */
		091EEACF2314CB1600BF066F /* Build configuration list for PBXProject "GoFoodTruck" */ = {
			isa = XCConfigurationList;
			buildConfigurations = (
				091EEAE42314CB1900BF066F /* Debug */,
				091EEAE52314CB1900BF066F /* Release */,
			);
			defaultConfigurationIsVisible = 0;
			defaultConfigurationName = Release;
		};
		091EEAE62314CB1900BF066F /* Build configuration list for PBXNativeTarget "GoFoodTruck" */ = {
			isa = XCConfigurationList;
			buildConfigurations = (
				091EEAE72314CB1900BF066F /* Debug */,
				091EEAE82314CB1900BF066F /* Release */,
			);
			defaultConfigurationIsVisible = 0;
			defaultConfigurationName = Release;
		};
/* End XCConfigurationList section */
	};
	rootObject = 091EEACC2314CB1600BF066F /* Project object */;
}
